// !$*UTF8*$!
{
	archiveVersion = 1;
	classes = {
	};
	objectVersion = 56;
	objects = {

/* Begin PBXBuildFile section */
		562064BF2C8E42B10000C94E /* WeatherApp in Frameworks */ = {isa = PBXBuildFile; productRef = 562064BE2C8E42B10000C94E /* WeatherApp */; };
		562064C22C8E42C80000C94E /* LocationApp in Frameworks */ = {isa = PBXBuildFile; productRef = 562064C12C8E42C80000C94E /* LocationApp */; };
		56954E392C8C25E200A35B88 /* AppDelegate.swift in Sources */ = {isa = PBXBuildFile; fileRef = 56954E382C8C25E200A35B88 /* AppDelegate.swift */; };
		56954E3B2C8C25E200A35B88 /* SceneDelegate.swift in Sources */ = {isa = PBXBuildFile; fileRef = 56954E3A2C8C25E200A35B88 /* SceneDelegate.swift */; };
		56954E3D2C8C25E200A35B88 /* MainScreenViewController.swift in Sources */ = {isa = PBXBuildFile; fileRef = 56954E3C2C8C25E200A35B88 /* MainScreenViewController.swift */; };
		56954E422C8C25E300A35B88 /* Assets.xcassets in Resources */ = {isa = PBXBuildFile; fileRef = 56954E412C8C25E300A35B88 /* Assets.xcassets */; };
		56954E4F2C8C312800A35B88 /* AppCell.swift in Sources */ = {isa = PBXBuildFile; fileRef = 56954E4E2C8C312800A35B88 /* AppCell.swift */; };
		56954E542C8C629300A35B88 /* AppSource.swift in Sources */ = {isa = PBXBuildFile; fileRef = 56954E532C8C629300A35B88 /* AppSource.swift */; };
		56954E632C8D8C1400A35B88 /* AppProtocol.swift in Sources */ = {isa = PBXBuildFile; fileRef = 56954E622C8D8C1400A35B88 /* AppProtocol.swift */; };
		56954E652C8DEAC300A35B88 /* Constants.swift in Sources */ = {isa = PBXBuildFile; fileRef = 56954E642C8DEAC300A35B88 /* Constants.swift */; };
/* End PBXBuildFile section */

/* Begin PBXFileReference section */
		56954E352C8C25E200A35B88 /* SuperApp.app */ = {isa = PBXFileReference; explicitFileType = wrapper.application; includeInIndex = 0; path = SuperApp.app; sourceTree = BUILT_PRODUCTS_DIR; };
		56954E382C8C25E200A35B88 /* AppDelegate.swift */ = {isa = PBXFileReference; lastKnownFileType = sourcecode.swift; path = AppDelegate.swift; sourceTree = "<group>"; };
		56954E3A2C8C25E200A35B88 /* SceneDelegate.swift */ = {isa = PBXFileReference; lastKnownFileType = sourcecode.swift; path = SceneDelegate.swift; sourceTree = "<group>"; };
		56954E3C2C8C25E200A35B88 /* MainScreenViewController.swift */ = {isa = PBXFileReference; lastKnownFileType = sourcecode.swift; path = MainScreenViewController.swift; sourceTree = "<group>"; };
		56954E412C8C25E300A35B88 /* Assets.xcassets */ = {isa = PBXFileReference; lastKnownFileType = folder.assetcatalog; path = Assets.xcassets; sourceTree = "<group>"; };
		56954E462C8C25E300A35B88 /* Info.plist */ = {isa = PBXFileReference; lastKnownFileType = text.plist.xml; path = Info.plist; sourceTree = "<group>"; };
		56954E4E2C8C312800A35B88 /* AppCell.swift */ = {isa = PBXFileReference; lastKnownFileType = sourcecode.swift; path = AppCell.swift; sourceTree = "<group>"; };
		56954E502C8C312F00A35B88 /* en */ = {isa = PBXFileReference; lastKnownFileType = file.storyboard; name = en; path = en.lproj/LaunchScreen.storyboard; sourceTree = "<group>"; };
		56954E512C8C404400A35B88 /* README.md */ = {isa = PBXFileReference; lastKnownFileType = net.daringfireball.markdown; path = README.md; sourceTree = "<group>"; };
		56954E532C8C629300A35B88 /* AppSource.swift */ = {isa = PBXFileReference; lastKnownFileType = sourcecode.swift; path = AppSource.swift; sourceTree = "<group>"; };
		56954E622C8D8C1400A35B88 /* AppProtocol.swift */ = {isa = PBXFileReference; lastKnownFileType = sourcecode.swift; path = AppProtocol.swift; sourceTree = "<group>"; };
		56954E642C8DEAC300A35B88 /* Constants.swift */ = {isa = PBXFileReference; lastKnownFileType = sourcecode.swift; path = Constants.swift; sourceTree = "<group>"; };
/* End PBXFileReference section */

/* Begin PBXFrameworksBuildPhase section */
		56954E322C8C25E200A35B88 /* Frameworks */ = {
			isa = PBXFrameworksBuildPhase;
			buildActionMask = 2147483647;
			files = (
				562064BF2C8E42B10000C94E /* WeatherApp in Frameworks */,
				562064C22C8E42C80000C94E /* LocationApp in Frameworks */,
			);
			runOnlyForDeploymentPostprocessing = 0;
		};
/* End PBXFrameworksBuildPhase section */

/* Begin PBXGroup section */
		56954E2C2C8C25E200A35B88 = {
			isa = PBXGroup;
			children = (
				56954E512C8C404400A35B88 /* README.md */,
				56954E372C8C25E200A35B88 /* SuperApp */,
				56954E362C8C25E200A35B88 /* Products */,
				56954E552C8C62CE00A35B88 /* Frameworks */,
			);
			sourceTree = "<group>";
		};
		56954E362C8C25E200A35B88 /* Products */ = {
			isa = PBXGroup;
			children = (
				56954E352C8C25E200A35B88 /* SuperApp.app */,
			);
			name = Products;
			sourceTree = "<group>";
		};
		56954E372C8C25E200A35B88 /* SuperApp */ = {
			isa = PBXGroup;
			children = (
				56954E4C2C8C267500A35B88 /* App */,
				56954E3C2C8C25E200A35B88 /* MainScreenViewController.swift */,
				56954E4E2C8C312800A35B88 /* AppCell.swift */,
				56954E532C8C629300A35B88 /* AppSource.swift */,
				56954E622C8D8C1400A35B88 /* AppProtocol.swift */,
				56954E4D2C8C267D00A35B88 /* Resources */,
			);
			path = SuperApp;
			sourceTree = "<group>";
		};
		56954E4C2C8C267500A35B88 /* App */ = {
			isa = PBXGroup;
			children = (
				56954E382C8C25E200A35B88 /* AppDelegate.swift */,
				56954E3A2C8C25E200A35B88 /* SceneDelegate.swift */,
			);
			path = App;
			sourceTree = "<group>";
		};
		56954E4D2C8C267D00A35B88 /* Resources */ = {
			isa = PBXGroup;
			children = (
				56954E412C8C25E300A35B88 /* Assets.xcassets */,
				56954E432C8C25E300A35B88 /* LaunchScreen.storyboard */,
				56954E462C8C25E300A35B88 /* Info.plist */,
				56954E642C8DEAC300A35B88 /* Constants.swift */,
			);
			path = Resources;
			sourceTree = "<group>";
		};
		56954E552C8C62CE00A35B88 /* Frameworks */ = {
			isa = PBXGroup;
			children = (
			);
			name = Frameworks;
			sourceTree = "<group>";
		};
/* End PBXGroup section */

/* Begin PBXNativeTarget section */
		56954E342C8C25E200A35B88 /* SuperApp */ = {
			isa = PBXNativeTarget;
			buildConfigurationList = 56954E492C8C25E300A35B88 /* Build configuration list for PBXNativeTarget "SuperApp" */;
			buildPhases = (
				56954E312C8C25E200A35B88 /* Sources */,
				56954E322C8C25E200A35B88 /* Frameworks */,
				56954E332C8C25E200A35B88 /* Resources */,
			);
			buildRules = (
			);
			dependencies = (
			);
			name = SuperApp;
			packageProductDependencies = (
				562064BE2C8E42B10000C94E /* WeatherApp */,
				562064C12C8E42C80000C94E /* LocationApp */,
			);
			productName = SuperApp;
			productReference = 56954E352C8C25E200A35B88 /* SuperApp.app */;
			productType = "com.apple.product-type.application";
		};
/* End PBXNativeTarget section */

/* Begin PBXProject section */
		56954E2D2C8C25E200A35B88 /* Project object */ = {
			isa = PBXProject;
			attributes = {
				BuildIndependentTargetsInParallel = 1;
				LastSwiftUpdateCheck = 1530;
				LastUpgradeCheck = 1530;
				TargetAttributes = {
					56954E342C8C25E200A35B88 = {
						CreatedOnToolsVersion = 15.3;
					};
				};
			};
			buildConfigurationList = 56954E302C8C25E200A35B88 /* Build configuration list for PBXProject "SuperApp" */;
			compatibilityVersion = "Xcode 14.0";
			developmentRegion = en;
			hasScannedForEncodings = 0;
			knownRegions = (
				en,
			);
			mainGroup = 56954E2C2C8C25E200A35B88;
			packageReferences = (
				562064BD2C8E42B10000C94E /* XCRemoteSwiftPackageReference "WeatherApp" */,
				562064C02C8E42C80000C94E /* XCRemoteSwiftPackageReference "LocationApp" */,
			);
			productRefGroup = 56954E362C8C25E200A35B88 /* Products */;
			projectDirPath = "";
			projectRoot = "";
			targets = (
				56954E342C8C25E200A35B88 /* SuperApp */,
			);
		};
/* End PBXProject section */

/* Begin PBXResourcesBuildPhase section */
		56954E332C8C25E200A35B88 /* Resources */ = {
			isa = PBXResourcesBuildPhase;
			buildActionMask = 2147483647;
			files = (
				56954E422C8C25E300A35B88 /* Assets.xcassets in Resources */,
			);
			runOnlyForDeploymentPostprocessing = 0;
		};
/* End PBXResourcesBuildPhase section */

/* Begin PBXSourcesBuildPhase section */
		56954E312C8C25E200A35B88 /* Sources */ = {
			isa = PBXSourcesBuildPhase;
			buildActionMask = 2147483647;
			files = (
				56954E3D2C8C25E200A35B88 /* MainScreenViewController.swift in Sources */,
				56954E632C8D8C1400A35B88 /* AppProtocol.swift in Sources */,
				56954E4F2C8C312800A35B88 /* AppCell.swift in Sources */,
				56954E542C8C629300A35B88 /* AppSource.swift in Sources */,
				56954E652C8DEAC300A35B88 /* Constants.swift in Sources */,
				56954E392C8C25E200A35B88 /* AppDelegate.swift in Sources */,
				56954E3B2C8C25E200A35B88 /* SceneDelegate.swift in Sources */,
			);
			runOnlyForDeploymentPostprocessing = 0;
		};
/* End PBXSourcesBuildPhase section */

/* Begin PBXVariantGroup section */
		56954E432C8C25E300A35B88 /* LaunchScreen.storyboard */ = {
			isa = PBXVariantGroup;
			children = (
				56954E502C8C312F00A35B88 /* en */,
			);
			name = LaunchScreen.storyboard;
			sourceTree = "<group>";
		};
/* End PBXVariantGroup section */

/* Begin XCBuildConfiguration section */
		56954E472C8C25E300A35B88 /* Debug */ = {
			isa = XCBuildConfiguration;
			buildSettings = {
				ALWAYS_SEARCH_USER_PATHS = NO;
				ASSETCATALOG_COMPILER_GENERATE_SWIFT_ASSET_SYMBOL_EXTENSIONS = YES;
				CLANG_ANALYZER_NONNULL = YES;
				CLANG_ANALYZER_NUMBER_OBJECT_CONVERSION = YES_AGGRESSIVE;
				CLANG_CXX_LANGUAGE_STANDARD = "gnu++20";
				CLANG_ENABLE_MODULES = YES;
				CLANG_ENABLE_OBJC_ARC = YES;
				CLANG_ENABLE_OBJC_WEAK = YES;
				CLANG_WARN_BLOCK_CAPTURE_AUTORELEASING = YES;
				CLANG_WARN_BOOL_CONVERSION = YES;
				CLANG_WARN_COMMA = YES;
				CLANG_WARN_CONSTANT_CONVERSION = YES;
				CLANG_WARN_DEPRECATED_OBJC_IMPLEMENTATIONS = YES;
				CLANG_WARN_DIRECT_OBJC_ISA_USAGE = YES_ERROR;
				CLANG_WARN_DOCUMENTATION_COMMENTS = YES;
				CLANG_WARN_EMPTY_BODY = YES;
				CLANG_WARN_ENUM_CONVERSION = YES;
				CLANG_WARN_INFINITE_RECURSION = YES;
				CLANG_WARN_INT_CONVERSION = YES;
				CLANG_WARN_NON_LITERAL_NULL_CONVERSION = YES;
				CLANG_WARN_OBJC_IMPLICIT_RETAIN_SELF = YES;
				CLANG_WARN_OBJC_LITERAL_CONVERSION = YES;
				CLANG_WARN_OBJC_ROOT_CLASS = YES_ERROR;
				CLANG_WARN_QUOTED_INCLUDE_IN_FRAMEWORK_HEADER = YES;
				CLANG_WARN_RANGE_LOOP_ANALYSIS = YES;
				CLANG_WARN_STRICT_PROTOTYPES = YES;
				CLANG_WARN_SUSPICIOUS_MOVE = YES;
				CLANG_WARN_UNGUARDED_AVAILABILITY = YES_AGGRESSIVE;
				CLANG_WARN_UNREACHABLE_CODE = YES;
				CLANG_WARN__DUPLICATE_METHOD_MATCH = YES;
				COPY_PHASE_STRIP = NO;
				DEBUG_INFORMATION_FORMAT = dwarf;
				ENABLE_STRICT_OBJC_MSGSEND = YES;
				ENABLE_TESTABILITY = YES;
				ENABLE_USER_SCRIPT_SANDBOXING = YES;
				GCC_C_LANGUAGE_STANDARD = gnu17;
				GCC_DYNAMIC_NO_PIC = NO;
				GCC_NO_COMMON_BLOCKS = YES;
				GCC_OPTIMIZATION_LEVEL = 0;
				GCC_PREPROCESSOR_DEFINITIONS = (
					"DEBUG=1",
					"$(inherited)",
				);
				GCC_WARN_64_TO_32_BIT_CONVERSION = YES;
				GCC_WARN_ABOUT_RETURN_TYPE = YES_ERROR;
				GCC_WARN_UNDECLARED_SELECTOR = YES;
				GCC_WARN_UNINITIALIZED_AUTOS = YES_AGGRESSIVE;
				GCC_WARN_UNUSED_FUNCTION = YES;
				GCC_WARN_UNUSED_VARIABLE = YES;
				IPHONEOS_DEPLOYMENT_TARGET = 14.0;
				LOCALIZATION_PREFERS_STRING_CATALOGS = YES;
				MTL_ENABLE_DEBUG_INFO = INCLUDE_SOURCE;
				MTL_FAST_MATH = YES;
				ONLY_ACTIVE_ARCH = YES;
				SDKROOT = iphoneos;
				SWIFT_ACTIVE_COMPILATION_CONDITIONS = "DEBUG $(inherited)";
				SWIFT_OPTIMIZATION_LEVEL = "-Onone";
			};
			name = Debug;
		};
		56954E482C8C25E300A35B88 /* Release */ = {
			isa = XCBuildConfiguration;
			buildSettings = {
				ALWAYS_SEARCH_USER_PATHS = NO;
				ASSETCATALOG_COMPILER_GENERATE_SWIFT_ASSET_SYMBOL_EXTENSIONS = YES;
				CLANG_ANALYZER_NONNULL = YES;
				CLANG_ANALYZER_NUMBER_OBJECT_CONVERSION = YES_AGGRESSIVE;
				CLANG_CXX_LANGUAGE_STANDARD = "gnu++20";
				CLANG_ENABLE_MODULES = YES;
				CLANG_ENABLE_OBJC_ARC = YES;
				CLANG_ENABLE_OBJC_WEAK = YES;
				CLANG_WARN_BLOCK_CAPTURE_AUTORELEASING = YES;
				CLANG_WARN_BOOL_CONVERSION = YES;
				CLANG_WARN_COMMA = YES;
				CLANG_WARN_CONSTANT_CONVERSION = YES;
				CLANG_WARN_DEPRECATED_OBJC_IMPLEMENTATIONS = YES;
				CLANG_WARN_DIRECT_OBJC_ISA_USAGE = YES_ERROR;
				CLANG_WARN_DOCUMENTATION_COMMENTS = YES;
				CLANG_WARN_EMPTY_BODY = YES;
				CLANG_WARN_ENUM_CONVERSION = YES;
				CLANG_WARN_INFINITE_RECURSION = YES;
				CLANG_WARN_INT_CONVERSION = YES;
				CLANG_WARN_NON_LITERAL_NULL_CONVERSION = YES;
				CLANG_WARN_OBJC_IMPLICIT_RETAIN_SELF = YES;
				CLANG_WARN_OBJC_LITERAL_CONVERSION = YES;
				CLANG_WARN_OBJC_ROOT_CLASS = YES_ERROR;
				CLANG_WARN_QUOTED_INCLUDE_IN_FRAMEWORK_HEADER = YES;
				CLANG_WARN_RANGE_LOOP_ANALYSIS = YES;
				CLANG_WARN_STRICT_PROTOTYPES = YES;
				CLANG_WARN_SUSPICIOUS_MOVE = YES;
				CLANG_WARN_UNGUARDED_AVAILABILITY = YES_AGGRESSIVE;
				CLANG_WARN_UNREACHABLE_CODE = YES;
				CLANG_WARN__DUPLICATE_METHOD_MATCH = YES;
				COPY_PHASE_STRIP = NO;
				DEBUG_INFORMATION_FORMAT = "dwarf-with-dsym";
				ENABLE_NS_ASSERTIONS = NO;
				ENABLE_STRICT_OBJC_MSGSEND = YES;
				ENABLE_USER_SCRIPT_SANDBOXING = YES;
				GCC_C_LANGUAGE_STANDARD = gnu17;
				GCC_NO_COMMON_BLOCKS = YES;
				GCC_WARN_64_TO_32_BIT_CONVERSION = YES;
				GCC_WARN_ABOUT_RETURN_TYPE = YES_ERROR;
				GCC_WARN_UNDECLARED_SELECTOR = YES;
				GCC_WARN_UNINITIALIZED_AUTOS = YES_AGGRESSIVE;
				GCC_WARN_UNUSED_FUNCTION = YES;
				GCC_WARN_UNUSED_VARIABLE = YES;
				IPHONEOS_DEPLOYMENT_TARGET = 14.0;
				LOCALIZATION_PREFERS_STRING_CATALOGS = YES;
				MTL_ENABLE_DEBUG_INFO = NO;
				MTL_FAST_MATH = YES;
				SDKROOT = iphoneos;
				SWIFT_COMPILATION_MODE = wholemodule;
				VALIDATE_PRODUCT = YES;
			};
			name = Release;
		};
		56954E4A2C8C25E300A35B88 /* Debug */ = {
			isa = XCBuildConfiguration;
			buildSettings = {
				ASSETCATALOG_COMPILER_APPICON_NAME = AppIcon;
				ASSETCATALOG_COMPILER_GLOBAL_ACCENT_COLOR_NAME = AccentColor;
				CODE_SIGN_STYLE = Automatic;
				CURRENT_PROJECT_VERSION = 1;
				DEVELOPMENT_TEAM = D42F5MB9H5;
				GENERATE_INFOPLIST_FILE = YES;
				INFOPLIST_FILE = SuperApp/Resources/Info.plist;
				INFOPLIST_KEY_NSLocationWhenInUseUsageDescription = "It's necessary to show weather at your location";
				INFOPLIST_KEY_UIApplicationSupportsIndirectInputEvents = YES;
				INFOPLIST_KEY_UILaunchStoryboardName = LaunchScreen;
				INFOPLIST_KEY_UIMainStoryboardFile = "";
				INFOPLIST_KEY_UISupportedInterfaceOrientations = UIInterfaceOrientationPortrait;
				INFOPLIST_KEY_UISupportedInterfaceOrientations_iPad = "UIInterfaceOrientationLandscapeLeft UIInterfaceOrientationLandscapeRight UIInterfaceOrientationPortrait UIInterfaceOrientationPortraitUpsideDown";
				IPHONEOS_DEPLOYMENT_TARGET = 14.0;
				LD_RUNPATH_SEARCH_PATHS = (
					"$(inherited)",
					"@executable_path/Frameworks",
				);
				MARKETING_VERSION = 1.0;
				PRODUCT_BUNDLE_IDENTIFIER = com.runovso.SuperApp;
				PRODUCT_NAME = "$(TARGET_NAME)";
				SUPPORTED_PLATFORMS = "iphoneos iphonesimulator";
				SUPPORTS_MACCATALYST = NO;
				SUPPORTS_MAC_DESIGNED_FOR_IPHONE_IPAD = NO;
				SUPPORTS_XR_DESIGNED_FOR_IPHONE_IPAD = NO;
				SWIFT_EMIT_LOC_STRINGS = YES;
				SWIFT_VERSION = 5.0;
				TARGETED_DEVICE_FAMILY = "1,2";
			};
			name = Debug;
		};
		56954E4B2C8C25E300A35B88 /* Release */ = {
			isa = XCBuildConfiguration;
			buildSettings = {
				ASSETCATALOG_COMPILER_APPICON_NAME = AppIcon;
				ASSETCATALOG_COMPILER_GLOBAL_ACCENT_COLOR_NAME = AccentColor;
				CODE_SIGN_STYLE = Automatic;
				CURRENT_PROJECT_VERSION = 1;
				DEVELOPMENT_TEAM = D42F5MB9H5;
				GENERATE_INFOPLIST_FILE = YES;
				INFOPLIST_FILE = SuperApp/Resources/Info.plist;
				INFOPLIST_KEY_NSLocationWhenInUseUsageDescription = "It's necessary to show weather at your location";
				INFOPLIST_KEY_UIApplicationSupportsIndirectInputEvents = YES;
				INFOPLIST_KEY_UILaunchStoryboardName = LaunchScreen;
				INFOPLIST_KEY_UIMainStoryboardFile = "";
				INFOPLIST_KEY_UISupportedInterfaceOrientations = UIInterfaceOrientationPortrait;
				INFOPLIST_KEY_UISupportedInterfaceOrientations_iPad = "UIInterfaceOrientationLandscapeLeft UIInterfaceOrientationLandscapeRight UIInterfaceOrientationPortrait UIInterfaceOrientationPortraitUpsideDown";
				IPHONEOS_DEPLOYMENT_TARGET = 14.0;
				LD_RUNPATH_SEARCH_PATHS = (
					"$(inherited)",
					"@executable_path/Frameworks",
				);
				MARKETING_VERSION = 1.0;
				PRODUCT_BUNDLE_IDENTIFIER = com.runovso.SuperApp;
				PRODUCT_NAME = "$(TARGET_NAME)";
				SUPPORTED_PLATFORMS = "iphoneos iphonesimulator";
				SUPPORTS_MACCATALYST = NO;
				SUPPORTS_MAC_DESIGNED_FOR_IPHONE_IPAD = NO;
				SUPPORTS_XR_DESIGNED_FOR_IPHONE_IPAD = NO;
				SWIFT_EMIT_LOC_STRINGS = YES;
				SWIFT_VERSION = 5.0;
				TARGETED_DEVICE_FAMILY = "1,2";
			};
			name = Release;
		};
/* End XCBuildConfiguration section */

/* Begin XCConfigurationList section */
		56954E302C8C25E200A35B88 /* Build configuration list for PBXProject "SuperApp" */ = {
			isa = XCConfigurationList;
			buildConfigurations = (
				56954E472C8C25E300A35B88 /* Debug */,
				56954E482C8C25E300A35B88 /* Release */,
			);
			defaultConfigurationIsVisible = 0;
			defaultConfigurationName = Release;
		};
		56954E492C8C25E300A35B88 /* Build configuration list for PBXNativeTarget "SuperApp" */ = {
			isa = XCConfigurationList;
			buildConfigurations = (
				56954E4A2C8C25E300A35B88 /* Debug */,
				56954E4B2C8C25E300A35B88 /* Release */,
			);
			defaultConfigurationIsVisible = 0;
			defaultConfigurationName = Release;
		};
/* End XCConfigurationList section */

/* Begin XCRemoteSwiftPackageReference section */
		562064BD2C8E42B10000C94E /* XCRemoteSwiftPackageReference "WeatherApp" */ = {
			isa = XCRemoteSwiftPackageReference;
			repositoryURL = "https://github.com/runovso/WeatherApp";
			requirement = {
				kind = upToNextMajorVersion;
				minimumVersion = 1.0.0;
			};
		};
		562064C02C8E42C80000C94E /* XCRemoteSwiftPackageReference "LocationApp" */ = {
			isa = XCRemoteSwiftPackageReference;
			repositoryURL = "https://github.com/runovso/LocationApp";
			requirement = {
				kind = upToNextMajorVersion;
				minimumVersion = 1.0.0;
			};
		};
/* End XCRemoteSwiftPackageReference section */

/* Begin XCSwiftPackageProductDependency section */
		562064BE2C8E42B10000C94E /* WeatherApp */ = {
			isa = XCSwiftPackageProductDependency;
			package = 562064BD2C8E42B10000C94E /* XCRemoteSwiftPackageReference "WeatherApp" */;
			productName = WeatherApp;
		};
		562064C12C8E42C80000C94E /* LocationApp */ = {
			isa = XCSwiftPackageProductDependency;
			package = 562064C02C8E42C80000C94E /* XCRemoteSwiftPackageReference "LocationApp" */;
			productName = LocationApp;
		};
/* End XCSwiftPackageProductDependency section */
	};
	rootObject = 56954E2D2C8C25E200A35B88 /* Project object */;
}
